<?xml version="1.0" encoding="utf-8"?>
<Project ToolsVersion="4.0" xmlns="http://schemas.microsoft.com/developer/msbuild/2003">
  <ItemGroup>
    <Filter Include="Source Files">
      <UniqueIdentifier>{4FC737F1-C7A5-4376-A066-2A32D752A2FF}</UniqueIdentifier>
      <Extensions>cpp;c;cc;cxx;def;odl;idl;hpj;bat;asm;asmx</Extensions>
    </Filter>
    <Filter Include="Framework">
      <UniqueIdentifier>{67DA6AB6-F800-4c08-8B7A-83BB121AAD01}</UniqueIdentifier>
      <Extensions>rc;ico;cur;bmp;dlg;rc2;rct;bin;rgs;gif;jpg;jpeg;jpe;resx;tiff;tif;png;wav;mfcribbon-ms</Extensions>
    </Filter>
    <Filter Include="Framework\Data">
      <UniqueIdentifier>{32255c3c-852e-42b8-8a10-a3c6fa1bcf0d}</UniqueIdentifier>
    </Filter>
    <Filter Include="Framework\Entities">
      <UniqueIdentifier>{c9656c1a-5a07-4ee0-b1a1-a3189569aa37}</UniqueIdentifier>
    </Filter>
    <Filter Include="Framework\Utility">
      <UniqueIdentifier>{453e5439-9aed-40ec-b2c6-59b169c594e7}</UniqueIdentifier>
    </Filter>
    <Filter Include="Framework\IO">
      <UniqueIdentifier>{5012e7e2-b5d5-407b-8fdc-2cc32ceb7019}</UniqueIdentifier>
    </Filter>
    <Filter Include="Source Files\Entities">
      <UniqueIdentifier>{0442cc3d-e8dc-470b-8695-fa9d597dcaf3}</UniqueIdentifier>
    </Filter>
    <Filter Include="Source Files\Level">
      <UniqueIdentifier>{da7f6af7-75be-4cbf-a5de-af1ff7e040bf}</UniqueIdentifier>
    </Filter>
    <Filter Include="Framework\Debug">
      <UniqueIdentifier>{7c066d40-6f7f-49ef-bf93-7d85ef3d5d27}</UniqueIdentifier>
    </Filter>
  </ItemGroup>
  <ItemGroup>
    <ClCompile Include="Main.cpp">
      <Filter>Source Files</Filter>
    </ClCompile>
    <ClCompile Include="MainScene.cpp">
      <Filter>Source Files</Filter>
    </ClCompile>
    <ClCompile Include="Framework\Scene.cpp">
      <Filter>Framework</Filter>
    </ClCompile>
    <ClCompile Include="Framework\IO\AudioService.cpp">
      <Filter>Framework\IO</Filter>
    </ClCompile>
    <ClCompile Include="Framework\IO\BinaryFile.cpp">
      <Filter>Framework\IO</Filter>
    </ClCompile>
    <ClCompile Include="Framework\IO\BinarySave.cpp">
      <Filter>Framework\IO</Filter>
    </ClCompile>
    <ClCompile Include="Framework\IO\GUI.cpp">
      <Filter>Framework\IO</Filter>
    </ClCompile>
    <ClCompile Include="Framework\IO\ImageManager.cpp">
      <Filter>Framework\IO</Filter>
    </ClCompile>
    <ClCompile Include="Framework\IO\MenuList.cpp">
      <Filter>Framework\IO</Filter>
    </ClCompile>
    <ClCompile Include="Framework\IO\Service.cpp">
      <Filter>Framework\IO</Filter>
    </ClCompile>
    <ClCompile Include="Framework\Entities\Entity.cpp">
      <Filter>Framework\Entities</Filter>
    </ClCompile>
    <ClCompile Include="Framework\Utility\Random.cpp">
      <Filter>Framework\Utility</Filter>
    </ClCompile>
    <ClCompile Include="Framework\Utility\Utility.cpp">
      <Filter>Framework\Utility</Filter>
    </ClCompile>
    <ClCompile Include="Player.cpp">
      <Filter>Source Files\Entities</Filter>
    </ClCompile>
    <ClCompile Include="Level.cpp">
      <Filter>Source Files\Level</Filter>
    </ClCompile>
    <ClCompile Include="Enemy.cpp">
      <Filter>Source Files\Entities</Filter>
    </ClCompile>
    <ClCompile Include="Bullet.cpp">
      <Filter>Source Files\Entities</Filter>
    </ClCompile>
    <ClCompile Include="Framework\IO\TextFile.cpp">
      <Filter>Framework\IO</Filter>
    </ClCompile>
    <ClCompile Include="Framework\Debug\Console.cpp">
      <Filter>Framework\Debug</Filter>
    </ClCompile>
    <ClCompile Include="Framework\Data\Collision.cpp">
      <Filter>Framework\Data</Filter>
    </ClCompile>
    <ClCompile Include="Framework\Data\CompositeTex.cpp">
      <Filter>Framework\Data</Filter>
    </ClCompile>
    <ClCompile Include="Framework\Debug\DebugDraw.cpp">
      <Filter>Framework\Debug</Filter>
    </ClCompile>
    <ClCompile Include="Framework\Data\SAT.cpp">
      <Filter>Framework\Data</Filter>
    </ClCompile>
    <ClCompile Include="Framework\Data\Shapes.cpp">
      <Filter>Framework\Data</Filter>
    </ClCompile>
    <ClCompile Include="Framework\Data\Trig.cpp">
      <Filter>Framework\Data</Filter>
    </ClCompile>
    <ClCompile Include="WinScene.cpp">
      <Filter>Source Files</Filter>
    </ClCompile>
    <ClCompile Include="LoseScene.cpp">
      <Filter>Source Files</Filter>
    </ClCompile>
    <ClCompile Include="TitleScene.cpp">
      <Filter>Source Files</Filter>
    </ClCompile>
    <ClCompile Include="Pickup.cpp">
      <Filter>Source Files\Entities</Filter>
    </ClCompile>
    <ClCompile Include="EditorScene.cpp">
      <Filter>Source Files</Filter>
    </ClCompile>
  </ItemGroup>
  <ItemGroup>
    <ClInclude Include="MainScene.h">
      <Filter>Source Files</Filter>
    </ClInclude>
    <ClInclude Include="Framework\Scene.h">
      <Filter>Framework</Filter>
    </ClInclude>
    <ClInclude Include="Framework\Data\Grid.h">
      <Filter>Framework\Data</Filter>
    </ClInclude>
    <ClInclude Include="Framework\IO\AudioService.h">
      <Filter>Framework\IO</Filter>
    </ClInclude>
    <ClInclude Include="Framework\IO\BinaryFile.h">
      <Filter>Framework\IO</Filter>
    </ClInclude>
    <ClInclude Include="Framework\IO\BinarySave.h">
      <Filter>Framework\IO</Filter>
    </ClInclude>
    <ClInclude Include="Framework\IO\GUI.h">
      <Filter>Framework\IO</Filter>
    </ClInclude>
    <ClInclude Include="Framework\IO\ImageManager.h">
      <Filter>Framework\IO</Filter>
    </ClInclude>
    <ClInclude Include="Framework\IO\MenuList.h">
      <Filter>Framework\IO</Filter>
    </ClInclude>
    <ClInclude Include="Framework\IO\Service.h">
      <Filter>Framework\IO</Filter>
    </ClInclude>
    <ClInclude Include="Framework\Entities\Entity.h">
      <Filter>Framework\Entities</Filter>
    </ClInclude>
    <ClInclude Include="Framework\Utility\Random.h">
      <Filter>Framework\Utility</Filter>
    </ClInclude>
    <ClInclude Include="Framework\Utility\Utility.h">
      <Filter>Framework\Utility</Filter>
    </ClInclude>
    <ClInclude Include="Player.h">
      <Filter>Source Files\Entities</Filter>
    </ClInclude>
    <ClInclude Include="Level.h">
      <Filter>Source Files\Level</Filter>
    </ClInclude>
    <ClInclude Include="Enemy.h">
      <Filter>Source Files\Entities</Filter>
    </ClInclude>
    <ClInclude Include="Bullet.h">
      <Filter>Source Files\Entities</Filter>
    </ClInclude>
    <ClInclude Include="Framework\IO\TextFile.h">
      <Filter>Framework\IO</Filter>
    </ClInclude>
    <ClInclude Include="Framework\Debug\Console.h">
      <Filter>Framework\Debug</Filter>
    </ClInclude>
    <ClInclude Include="Framework\Data\CompositeTex.h">
      <Filter>Framework\Data</Filter>
    </ClInclude>
    <ClInclude Include="Framework\Data\Collision.h">
      <Filter>Framework\Data</Filter>
    </ClInclude>
    <ClInclude Include="Framework\Data\Pair.h">
      <Filter>Framework\Data</Filter>
    </ClInclude>
    <ClInclude Include="Framework\Debug\DebugDraw.h">
      <Filter>Framework\Debug</Filter>
    </ClInclude>
    <ClInclude Include="Framework\Data\SAT.h">
      <Filter>Framework\Data</Filter>
    </ClInclude>
    <ClInclude Include="Framework\Data\Maths.h">
      <Filter>Framework\Data</Filter>
    </ClInclude>
    <ClInclude Include="Framework\Data\Shapes.h">
      <Filter>Framework\Data</Filter>
    </ClInclude>
    <ClInclude Include="Framework\Data\Trig.h">
      <Filter>Framework\Data</Filter>
    </ClInclude>
    <ClInclude Include="WinScene.h">
      <Filter>Source Files</Filter>
    </ClInclude>
    <ClInclude Include="LoseScene.h">
      <Filter>Source Files</Filter>
    </ClInclude>
    <ClInclude Include="TitleScene.h">
      <Filter>Source Files</Filter>
    </ClInclude>
    <ClInclude Include="Gun.h">
      <Filter>Source Files</Filter>
    </ClInclude>
    <ClInclude Include="Pickup.h">
      <Filter>Source Files\Entities</Filter>
    </ClInclude>
    <ClInclude Include="EditorScene.h">
      <Filter>Source Files</Filter>
    </ClInclude>
  </ItemGroup>
  <ItemGroup>
    <Text Include="ToDo.txt">
      <Filter>Source Files</Filter>
    </Text>
  </ItemGroup>
</Project>